// !$*UTF8*$!
{
	archiveVersion = 1;
	classes = {
	};
	objectVersion = 46;
	objects = {

/* Begin PBXBuildFile section */
		2155E3FD1B559E3A00BCE403 /* Gameboard.storyboard in Resources */ = {isa = PBXBuildFile; fileRef = 2155E3FC1B559E3A00BCE403 /* Gameboard.storyboard */; };
		2155E4021B55A28100BCE403 /* GameboardVC.swift in Sources */ = {isa = PBXBuildFile; fileRef = 2155E4011B55A28100BCE403 /* GameboardVC.swift */; };
		21C4E65D1B5554EA00524022 /* AppDelegate.swift in Sources */ = {isa = PBXBuildFile; fileRef = 21C4E65C1B5554EA00524022 /* AppDelegate.swift */; };
		21C4E65F1B5554EA00524022 /* ViewController.swift in Sources */ = {isa = PBXBuildFile; fileRef = 21C4E65E1B5554EA00524022 /* ViewController.swift */; };
		21C4E6621B5554EA00524022 /* Main.storyboard in Resources */ = {isa = PBXBuildFile; fileRef = 21C4E6601B5554EA00524022 /* Main.storyboard */; };
		21C4E6641B5554EA00524022 /* Images.xcassets in Resources */ = {isa = PBXBuildFile; fileRef = 21C4E6631B5554EA00524022 /* Images.xcassets */; };
		21C4E6671B5554EA00524022 /* LaunchScreen.xib in Resources */ = {isa = PBXBuildFile; fileRef = 21C4E6651B5554EA00524022 /* LaunchScreen.xib */; };
		21C4E6731B5554EA00524022 /* Game_of_FifteenTests.swift in Sources */ = {isa = PBXBuildFile; fileRef = 21C4E6721B5554EA00524022 /* Game_of_FifteenTests.swift */; };
/* End PBXBuildFile section */

/* Begin PBXContainerItemProxy section */
		21C4E66D1B5554EA00524022 /* PBXContainerItemProxy */ = {
			isa = PBXContainerItemProxy;
			containerPortal = 21C4E64F1B5554EA00524022 /* Project object */;
			proxyType = 1;
			remoteGlobalIDString = 21C4E6561B5554EA00524022;
			remoteInfo = "Game of Fifteen";
		};
/* End PBXContainerItemProxy section */

/* Begin PBXFileReference section */
		2155E3FC1B559E3A00BCE403 /* Gameboard.storyboard */ = {isa = PBXFileReference; fileEncoding = 4; lastKnownFileType = file.storyboard; path = Gameboard.storyboard; sourceTree = "<group>"; };
		2155E4011B55A28100BCE403 /* GameboardVC.swift */ = {isa = PBXFileReference; fileEncoding = 4; lastKnownFileType = sourcecode.swift; path = GameboardVC.swift; sourceTree = "<group>"; };
		21C4E6571B5554EA00524022 /* Game of Fifteen.app */ = {isa = PBXFileReference; explicitFileType = wrapper.application; includeInIndex = 0; path = "Game of Fifteen.app"; sourceTree = BUILT_PRODUCTS_DIR; };
		21C4E65B1B5554EA00524022 /* Info.plist */ = {isa = PBXFileReference; lastKnownFileType = text.plist.xml; path = Info.plist; sourceTree = "<group>"; };
		21C4E65C1B5554EA00524022 /* AppDelegate.swift */ = {isa = PBXFileReference; lastKnownFileType = sourcecode.swift; path = AppDelegate.swift; sourceTree = "<group>"; };
		21C4E65E1B5554EA00524022 /* ViewController.swift */ = {isa = PBXFileReference; lastKnownFileType = sourcecode.swift; path = ViewController.swift; sourceTree = "<group>"; };
		21C4E6611B5554EA00524022 /* Base */ = {isa = PBXFileReference; lastKnownFileType = file.storyboard; name = Base; path = Base.lproj/Main.storyboard; sourceTree = "<group>"; };
		21C4E6631B5554EA00524022 /* Images.xcassets */ = {isa = PBXFileReference; lastKnownFileType = folder.assetcatalog; path = Images.xcassets; sourceTree = "<group>"; };
		21C4E6661B5554EA00524022 /* Base */ = {isa = PBXFileReference; lastKnownFileType = file.xib; name = Base; path = Base.lproj/LaunchScreen.xib; sourceTree = "<group>"; };
		21C4E66C1B5554EA00524022 /* Game of FifteenTests.xctest */ = {isa = PBXFileReference; explicitFileType = wrapper.cfbundle; includeInIndex = 0; path = "Game of FifteenTests.xctest"; sourceTree = BUILT_PRODUCTS_DIR; };
		21C4E6711B5554EA00524022 /* Info.plist */ = {isa = PBXFileReference; lastKnownFileType = text.plist.xml; path = Info.plist; sourceTree = "<group>"; };
		21C4E6721B5554EA00524022 /* Game_of_FifteenTests.swift */ = {isa = PBXFileReference; lastKnownFileType = sourcecode.swift; path = Game_of_FifteenTests.swift; sourceTree = "<group>"; };
/* End PBXFileReference section */

/* Begin PBXFrameworksBuildPhase section */
		21C4E6541B5554EA00524022 /* Frameworks */ = {
			isa = PBXFrameworksBuildPhase;
			buildActionMask = 2147483647;
			files = (
			);
			runOnlyForDeploymentPostprocessing = 0;
		};
		21C4E6691B5554EA00524022 /* Frameworks */ = {
			isa = PBXFrameworksBuildPhase;
			buildActionMask = 2147483647;
			files = (
			);
			runOnlyForDeploymentPostprocessing = 0;
		};
/* End PBXFrameworksBuildPhase section */

/* Begin PBXGroup section */
		2155E3FE1B559FF000BCE403 /* Gameboard */ = {
			isa = PBXGroup;
			children = (
				2155E3FC1B559E3A00BCE403 /* Gameboard.storyboard */,
				2155E4011B55A28100BCE403 /* GameboardVC.swift */,
			);
			name = Gameboard;
			sourceTree = "<group>";
		};
		21C4E64E1B5554EA00524022 = {
			isa = PBXGroup;
			children = (
				21C4E6591B5554EA00524022 /* Game of Fifteen */,
				21C4E66F1B5554EA00524022 /* Game of FifteenTests */,
				21C4E6581B5554EA00524022 /* Products */,
			);
			sourceTree = "<group>";
		};
		21C4E6581B5554EA00524022 /* Products */ = {
			isa = PBXGroup;
			children = (
				21C4E6571B5554EA00524022 /* Game of Fifteen.app */,
				21C4E66C1B5554EA00524022 /* Game of FifteenTests.xctest */,
			);
			name = Products;
			sourceTree = "<group>";
		};
		21C4E6591B5554EA00524022 /* Game of Fifteen */ = {
			isa = PBXGroup;
			children = (
				21C4E65C1B5554EA00524022 /* AppDelegate.swift */,
				21C4E65E1B5554EA00524022 /* ViewController.swift */,
				21C4E6601B5554EA00524022 /* Main.storyboard */,
				21C4E6631B5554EA00524022 /* Images.xcassets */,
				21C4E6651B5554EA00524022 /* LaunchScreen.xib */,
				2155E3FE1B559FF000BCE403 /* Gameboard */,
				21C4E65A1B5554EA00524022 /* Supporting Files */,
			);
			path = "Game of Fifteen";
			sourceTree = "<group>";
		};
		21C4E65A1B5554EA00524022 /* Supporting Files */ = {
			isa = PBXGroup;
			children = (
				21C4E65B1B5554EA00524022 /* Info.plist */,
			);
			name = "Supporting Files";
			sourceTree = "<group>";
		};
		21C4E66F1B5554EA00524022 /* Game of FifteenTests */ = {
			isa = PBXGroup;
			children = (
				21C4E6721B5554EA00524022 /* Game_of_FifteenTests.swift */,
				21C4E6701B5554EA00524022 /* Supporting Files */,
			);
			path = "Game of FifteenTests";
			sourceTree = "<group>";
		};
		21C4E6701B5554EA00524022 /* Supporting Files */ = {
			isa = PBXGroup;
			children = (
				21C4E6711B5554EA00524022 /* Info.plist */,
			);
			name = "Supporting Files";
			sourceTree = "<group>";
		};
/* End PBXGroup section */

/* Begin PBXNativeTarget section */
		21C4E6561B5554EA00524022 /* Game of Fifteen */ = {
			isa = PBXNativeTarget;
			buildConfigurationList = 21C4E6761B5554EA00524022 /* Build configuration list for PBXNativeTarget "Game of Fifteen" */;
			buildPhases = (
				21C4E6531B5554EA00524022 /* Sources */,
				21C4E6541B5554EA00524022 /* Frameworks */,
				21C4E6551B5554EA00524022 /* Resources */,
			);
			buildRules = (
			);
			dependencies = (
			);
			name = "Game of Fifteen";
			productName = "Game of Fifteen";
			productReference = 21C4E6571B5554EA00524022 /* Game of Fifteen.app */;
			productType = "com.apple.product-type.application";
		};
		21C4E66B1B5554EA00524022 /* Game of FifteenTests */ = {
			isa = PBXNativeTarget;
			buildConfigurationList = 21C4E6791B5554EA00524022 /* Build configuration list for PBXNativeTarget "Game of FifteenTests" */;
			buildPhases = (
				21C4E6681B5554EA00524022 /* Sources */,
				21C4E6691B5554EA00524022 /* Frameworks */,
				21C4E66A1B5554EA00524022 /* Resources */,
			);
			buildRules = (
			);
			dependencies = (
				21C4E66E1B5554EA00524022 /* PBXTargetDependency */,
			);
			name = "Game of FifteenTests";
			productName = "Game of FifteenTests";
			productReference = 21C4E66C1B5554EA00524022 /* Game of FifteenTests.xctest */;
			productType = "com.apple.product-type.bundle.unit-test";
		};
/* End PBXNativeTarget section */

/* Begin PBXProject section */
		21C4E64F1B5554EA00524022 /* Project object */ = {
			isa = PBXProject;
			attributes = {
				LastUpgradeCheck = 0640;
				ORGANIZATIONNAME = "Alston Chau";
				TargetAttributes = {
					21C4E6561B5554EA00524022 = {
						CreatedOnToolsVersion = 6.4;
					};
					21C4E66B1B5554EA00524022 = {
						CreatedOnToolsVersion = 6.4;
						TestTargetID = 21C4E6561B5554EA00524022;
					};
				};
			};
			buildConfigurationList = 21C4E6521B5554EA00524022 /* Build configuration list for PBXProject "Game of Fifteen" */;
			compatibilityVersion = "Xcode 3.2";
			developmentRegion = English;
			hasScannedForEncodings = 0;
			knownRegions = (
				en,
				Base,
			);
			mainGroup = 21C4E64E1B5554EA00524022;
			productRefGroup = 21C4E6581B5554EA00524022 /* Products */;
			projectDirPath = "";
			projectRoot = "";
			targets = (
				21C4E6561B5554EA00524022 /* Game of Fifteen */,
				21C4E66B1B5554EA00524022 /* Game of FifteenTests */,
			);
		};
/* End PBXProject section */

/* Begin PBXResourcesBuildPhase section */
		21C4E6551B5554EA00524022 /* Resources */ = {
			isa = PBXResourcesBuildPhase;
			buildActionMask = 2147483647;
			files = (
				21C4E6621B5554EA00524022 /* Main.storyboard in Resources */,
				2155E3FD1B559E3A00BCE403 /* Gameboard.storyboard in Resources */,
				21C4E6671B5554EA00524022 /* LaunchScreen.xib in Resources */,
				21C4E6641B5554EA00524022 /* Images.xcassets in Resources */,
			);
			runOnlyForDeploymentPostprocessing = 0;
		};
		21C4E66A1B5554EA00524022 /* Resources */ = {
			isa = PBXResourcesBuildPhase;
			buildActionMask = 2147483647;
			files = (
			);
			runOnlyForDeploymentPostprocessing = 0;
		};
/* End PBXResourcesBuildPhase section */

/* Begin PBXSourcesBuildPhase section */
		21C4E6531B5554EA00524022 /* Sources */ = {
			isa = PBXSourcesBuildPhase;
			buildActionMask = 2147483647;
			files = (
				21C4E65F1B5554EA00524022 /* ViewController.swift in Sources */,
				21C4E65D1B5554EA00524022 /* AppDelegate.swift in Sources */,
				2155E4021B55A28100BCE403 /* GameboardVC.swift in Sources */,
			);
			runOnlyForDeploymentPostprocessing = 0;
		};
		21C4E6681B5554EA00524022 /* Sources */ = {
			isa = PBXSourcesBuildPhase;
			buildActionMask = 2147483647;
			files = (
				21C4E6731B5554EA00524022 /* Game_of_FifteenTests.swift in Sources */,
			);
			runOnlyForDeploymentPostprocessing = 0;
		};
/* End PBXSourcesBuildPhase section */

/* Begin PBXTargetDependency section */
		21C4E66E1B5554EA00524022 /* PBXTargetDependency */ = {
			isa = PBXTargetDependency;
			target = 21C4E6561B5554EA00524022 /* Game of Fifteen */;
			targetProxy = 21C4E66D1B5554EA00524022 /* PBXContainerItemProxy */;
		};
/* End PBXTargetDependency section */

/* Begin PBXVariantGroup section */
		21C4E6601B5554EA00524022 /* Main.storyboard */ = {
			isa = PBXVariantGroup;
			children = (
				21C4E6611B5554EA00524022 /* Base */,
			);
			name = Main.storyboard;
			sourceTree = "<group>";
		};
		21C4E6651B5554EA00524022 /* LaunchScreen.xib */ = {
			isa = PBXVariantGroup;
			children = (
				21C4E6661B5554EA00524022 /* Base */,
			);
			name = LaunchScreen.xib;
			sourceTree = "<group>";
		};
/* End PBXVariantGroup section */

/* Begin XCBuildConfiguration section */
		21C4E6741B5554EA00524022 /* Debug */ = {
			isa = XCBuildConfiguration;
			buildSettings = {
				ALWAYS_SEARCH_USER_PATHS = NO;
				CLANG_CXX_LANGUAGE_STANDARD = "gnu++0x";
				CLANG_CXX_LIBRARY = "libc++";
				CLANG_ENABLE_MODULES = YES;
				CLANG_ENABLE_OBJC_ARC = YES;
				CLANG_WARN_BOOL_CONVERSION = YES;
				CLANG_WARN_CONSTANT_CONVERSION = YES;
				CLANG_WARN_DIRECT_OBJC_ISA_USAGE = YES_ERROR;
				CLANG_WARN_EMPTY_BODY = YES;
				CLANG_WARN_ENUM_CONVERSION = YES;
				CLANG_WARN_INT_CONVERSION = YES;
				CLANG_WARN_OBJC_ROOT_CLASS = YES_ERROR;
				CLANG_WARN_UNREACHABLE_CODE = YES;
				CLANG_WARN__DUPLICATE_METHOD_MATCH = YES;
				"CODE_SIGN_IDENTITY[sdk=iphoneos*]" = "iPhone Developer";
				COPY_PHASE_STRIP = NO;
				DEBUG_INFORMATION_FORMAT = "dwarf-with-dsym";
				ENABLE_STRICT_OBJC_MSGSEND = YES;
				GCC_C_LANGUAGE_STANDARD = gnu99;
				GCC_DYNAMIC_NO_PIC = NO;
				GCC_NO_COMMON_BLOCKS = YES;
				GCC_OPTIMIZATION_LEVEL = 0;
				GCC_PREPROCESSOR_DEFINITIONS = (
					"DEBUG=1",
					"$(inherited)",
				);
				GCC_SYMBOLS_PRIVATE_EXTERN = NO;
				GCC_WARN_64_TO_32_BIT_CONVERSION = YES;
				GCC_WARN_ABOUT_RETURN_TYPE = YES_ERROR;
				GCC_WARN_UNDECLARED_SELECTOR = YES;
				GCC_WARN_UNINITIALIZED_AUTOS = YES_AGGRESSIVE;
				GCC_WARN_UNUSED_FUNCTION = YES;
				GCC_WARN_UNUSED_VARIABLE = YES;
				IPHONEOS_DEPLOYMENT_TARGET = 8.4;
				MTL_ENABLE_DEBUG_INFO = YES;
				ONLY_ACTIVE_ARCH = YES;
				SDKROOT = iphoneos;
				SWIFT_OPTIMIZATION_LEVEL = "-Onone";
			};
			name = Debug;
		};
		21C4E6751B5554EA00524022 /* Release */ = {
			isa = XCBuildConfiguration;
			buildSettings = {
				ALWAYS_SEARCH_USER_PATHS = NO;
				CLANG_CXX_LANGUAGE_STANDARD = "gnu++0x";
				CLANG_CXX_LIBRARY = "libc++";
				CLANG_ENABLE_MODULES = YES;
				CLANG_ENABLE_OBJC_ARC = YES;
				CLANG_WARN_BOOL_CONVERSION = YES;
				CLANG_WARN_CONSTANT_CONVERSION = YES;
				CLANG_WARN_DIRECT_OBJC_ISA_USAGE = YES_ERROR;
				CLANG_WARN_EMPTY_BODY = YES;
				CLANG_WARN_ENUM_CONVERSION = YES;
				CLANG_WARN_INT_CONVERSION = YES;
				CLANG_WARN_OBJC_ROOT_CLASS = YES_ERROR;
				CLANG_WARN_UNREACHABLE_CODE = YES;
				CLANG_WARN__DUPLICATE_METHOD_MATCH = YES;
				"CODE_SIGN_IDENTITY[sdk=iphoneos*]" = "iPhone Developer";
				COPY_PHASE_STRIP = NO;
				DEBUG_INFORMATION_FORMAT = "dwarf-with-dsym";
				ENABLE_NS_ASSERTIONS = NO;
				ENABLE_STRICT_OBJC_MSGSEND = YES;
				GCC_C_LANGUAGE_STANDARD = gnu99;
				GCC_NO_COMMON_BLOCKS = YES;
				GCC_WARN_64_TO_32_BIT_CONVERSION = YES;
				GCC_WARN_ABOUT_RETURN_TYPE = YES_ERROR;
				GCC_WARN_UNDECLARED_SELECTOR = YES;
				GCC_WARN_UNINITIALIZED_AUTOS = YES_AGGRESSIVE;
				GCC_WARN_UNUSED_FUNCTION = YES;
				GCC_WARN_UNUSED_VARIABLE = YES;
				IPHONEOS_DEPLOYMENT_TARGET = 8.4;
				MTL_ENABLE_DEBUG_INFO = NO;
				SDKROOT = iphoneos;
				VALIDATE_PRODUCT = YES;
			};
			name = Release;
		};
		21C4E6771B5554EA00524022 /* Debug */ = {
			isa = XCBuildConfiguration;
			buildSettings = {
				ASSETCATALOG_COMPILER_APPICON_NAME = AppIcon;
				INFOPLIST_FILE = "Game of Fifteen/Info.plist";
				LD_RUNPATH_SEARCH_PATHS = "$(inherited) @executable_path/Frameworks";
				PRODUCT_NAME = "$(TARGET_NAME)";
			};
			name = Debug;
		};
		21C4E6781B5554EA00524022 /* Release */ = {
			isa = XCBuildConfiguration;
			buildSettings = {
				ASSETCATALOG_COMPILER_APPICON_NAME = AppIcon;
				INFOPLIST_FILE = "Game of Fifteen/Info.plist";
				LD_RUNPATH_SEARCH_PATHS = "$(inherited) @executable_path/Frameworks";
				PRODUCT_NAME = "$(TARGET_NAME)";
			};
			name = Release;
		};
		21C4E67A1B5554EA00524022 /* Debug */ = {
			isa = XCBuildConfiguration;
			buildSettings = {
				BUNDLE_LOADER = "$(TEST_HOST)";
				FRAMEWORK_SEARCH_PATHS = (
					"$(SDKROOT)/Developer/Library/Frameworks",
					"$(inherited)",
				);
				GCC_PREPROCESSOR_DEFINITIONS = (
					"DEBUG=1",
					"$(inherited)",
				);
				INFOPLIST_FILE = "Game of FifteenTests/Info.plist";
				LD_RUNPATH_SEARCH_PATHS = "$(inherited) @executable_path/Frameworks @loader_path/Frameworks";
				PRODUCT_NAME = "$(TARGET_NAME)";
				TEST_HOST = "$(BUILT_PRODUCTS_DIR)/Game of Fifteen.app/Game of Fifteen";
			};
			name = Debug;
		};
		21C4E67B1B5554EA00524022 /* Release */ = {
			isa = XCBuildConfiguration;
			buildSettings = {
				BUNDLE_LOADER = "$(TEST_HOST)";
				FRAMEWORK_SEARCH_PATHS = (
					"$(SDKROOT)/Developer/Library/Frameworks",
					"$(inherited)",
				);
				INFOPLIST_FILE = "Game of FifteenTests/Info.plist";
				LD_RUNPATH_SEARCH_PATHS = "$(inherited) @executable_path/Frameworks @loader_path/Frameworks";
				PRODUCT_NAME = "$(TARGET_NAME)";
				TEST_HOST = "$(BUILT_PRODUCTS_DIR)/Game of Fifteen.app/Game of Fifteen";
			};
			name = Release;
		};
/* End XCBuildConfiguration section */

/* Begin XCConfigurationList section */
		21C4E6521B5554EA00524022 /* Build configuration list for PBXProject "Game of Fifteen" */ = {
			isa = XCConfigurationList;
			buildConfigurations = (
				21C4E6741B5554EA00524022 /* Debug */,
				21C4E6751B5554EA00524022 /* Release */,
			);
			defaultConfigurationIsVisible = 0;
			defaultConfigurationName = Release;
		};
		21C4E6761B5554EA00524022 /* Build configuration list for PBXNativeTarget "Game of Fifteen" */ = {
			isa = XCConfigurationList;
			buildConfigurations = (
				21C4E6771B5554EA00524022 /* Debug */,
				21C4E6781B5554EA00524022 /* Release */,
			);
			defaultConfigurationIsVisible = 0;
			defaultConfigurationName = Release;
		};
		21C4E6791B5554EA00524022 /* Build configuration list for PBXNativeTarget "Game of FifteenTests" */ = {
			isa = XCConfigurationList;
			buildConfigurations = (
				21C4E67A1B5554EA00524022 /* Debug */,
				21C4E67B1B5554EA00524022 /* Release */,
			);
			defaultConfigurationIsVisible = 0;
			defaultConfigurationName = Release;
		};
/* End XCConfigurationList section */
	};
	rootObject = 21C4E64F1B5554EA00524022 /* Project object */;
}
